dependencies:
- name: service-account
  repository: https://ibm-garage-cloud.github.io/toolkit-charts/
  version: 0.4.0
- name: nexus-operator
  repository: https://ibm-garage-cloud.github.io/toolkit-charts/
  version: 0.4.0
digest: sha256:4e75874f7408a2d1cbb1385add305df7aedf67c7517adb725d463af0280a666e
generated: "2020-06-27T23:06:21.287461-05:00"
